
Microsoft Visual Studio Solution File, Format Version 12.00
# Visual Studio 15
VisualStudioVersion = 15.0.28307.2017
MinimumVisualStudioVersion = 10.0.40219.1
Project("{8BC9CEB8-8B4A-11D0-8D11-00A0C91BC942}") = "pointer_1", "pointer_1\pointer_1.vcxproj", "{AC915844-3C71-4A55-9B1E-451AAB1C583A}"
EndProject
Global
	GlobalSection(SolutionConfigurationPlatforms) = preSolution
		Debug|x64 = Debug|x64
		Debug|x86 = Debug|x86
		Release|x64 = Release|x64
		Release|x86 = Release|x86
	EndGlobalSection
	GlobalSection(ProjectConfigurationPlatforms) = postSolution
		{AC915844-3C71-4A55-9B1E-451AAB1C583A}.Debug|x64.ActiveCfg = Debug|x64
		{AC915844-3C71-4A55-9B1E-451AAB1C583A}.Debug|x64.Build.0 = Debug|x64
		{AC915844-3C71-4A55-9B1E-451AAB1C583A}.Debug|x86.ActiveCfg = Debug|Win32
		{AC915844-3C71-4A55-9B1E-451AAB1C583A}.Debug|x86.Build.0 = Debug|Win32
		{AC915844-3C71-4A55-9B1E-451AAB1C583A}.Release|x64.ActiveCfg = Release|x64
		{AC915844-3C71-4A55-9B1E-451AAB1C583A}.Release|x64.Build.0 = Release|x64
		{AC915844-3C71-4A55-9B1E-451AAB1C583A}.Release|x86.ActiveCfg = Release|Win32
		{AC915844-3C71-4A55-9B1E-451AAB1C583A}.Release|x86.Build.0 = Release|Win32
	EndGlobalSection
	GlobalSection(SolutionProperties) = preSolution
		HideSolutionNode = FALSE
	EndGlobalSection
	GlobalSection(ExtensibilityGlobals) = postSolution
		SolutionGuid = {CE3B6B3E-AF96-448B-A2A8-CADAFDD49DED}
	EndGlobalSection
EndGlobal
